// !$*UTF8*$!
{
	archiveVersion = 1;
	classes = {
	};
	objectVersion = 48;
	objects = {

/* Begin PBXBuildFile section */
		2516C66120623B65006EFD72 /* AppDelegate.m in Sources */ = {isa = PBXBuildFile; fileRef = 2516C66020623B65006EFD72 /* AppDelegate.m */; };
		2516C66420623B65006EFD72 /* ViewController.m in Sources */ = {isa = PBXBuildFile; fileRef = 2516C66320623B65006EFD72 /* ViewController.m */; };
		2516C66720623B65006EFD72 /* Main.storyboard in Resources */ = {isa = PBXBuildFile; fileRef = 2516C66520623B65006EFD72 /* Main.storyboard */; };
		2516C66920623B65006EFD72 /* Assets.xcassets in Resources */ = {isa = PBXBuildFile; fileRef = 2516C66820623B65006EFD72 /* Assets.xcassets */; };
		2516C66C20623B65006EFD72 /* LaunchScreen.storyboard in Resources */ = {isa = PBXBuildFile; fileRef = 2516C66A20623B65006EFD72 /* LaunchScreen.storyboard */; };
		2516C66F20623B65006EFD72 /* main.m in Sources */ = {isa = PBXBuildFile; fileRef = 2516C66E20623B65006EFD72 /* main.m */; };
		2516C67820623CE8006EFD72 /* WXMediaPlayer.m in Sources */ = {isa = PBXBuildFile; fileRef = 2516C67620623CE7006EFD72 /* WXMediaPlayer.m */; };
		2516C67B20623D36006EFD72 /* WXMediaItem.m in Sources */ = {isa = PBXBuildFile; fileRef = 2516C67920623D36006EFD72 /* WXMediaItem.m */; };
		2516C68C206242A0006EFD72 /* MCAVPlayerItemRemoteCacheTask.m in Sources */ = {isa = PBXBuildFile; fileRef = 2516C680206242A0006EFD72 /* MCAVPlayerItemRemoteCacheTask.m */; };
		2516C68D206242A0006EFD72 /* MCCacheSupportUtils.m in Sources */ = {isa = PBXBuildFile; fileRef = 2516C681206242A0006EFD72 /* MCCacheSupportUtils.m */; };
		2516C68E206242A0006EFD72 /* MCAVPlayerItemCacheTask.m in Sources */ = {isa = PBXBuildFile; fileRef = 2516C684206242A0006EFD72 /* MCAVPlayerItemCacheTask.m */; };
		2516C68F206242A0006EFD72 /* MCAVPlayerItemCacheLoader.m in Sources */ = {isa = PBXBuildFile; fileRef = 2516C685206242A0006EFD72 /* MCAVPlayerItemCacheLoader.m */; };
		2516C690206242A0006EFD72 /* MCAVPlayerItemCacheFile.m in Sources */ = {isa = PBXBuildFile; fileRef = 2516C686206242A0006EFD72 /* MCAVPlayerItemCacheFile.m */; };
		2516C691206242A0006EFD72 /* MCAVPlayerItemLocalCacheTask.m in Sources */ = {isa = PBXBuildFile; fileRef = 2516C687206242A0006EFD72 /* MCAVPlayerItemLocalCacheTask.m */; };
		2516C692206242A0006EFD72 /* AVPlayerItem+MCCacheSupport.m in Sources */ = {isa = PBXBuildFile; fileRef = 2516C68A206242A0006EFD72 /* AVPlayerItem+MCCacheSupport.m */; };
		2516C69920624317006EFD72 /* NSObject+FBKVOController.m in Sources */ = {isa = PBXBuildFile; fileRef = 2516C69620624317006EFD72 /* NSObject+FBKVOController.m */; };
		2516C69A20624317006EFD72 /* FBKVOController.m in Sources */ = {isa = PBXBuildFile; fileRef = 2516C69720624317006EFD72 /* FBKVOController.m */; };
/* End PBXBuildFile section */

/* Begin PBXFileReference section */
		2516C65C20623B65006EFD72 /* WXMediaPlayer.app */ = {isa = PBXFileReference; explicitFileType = wrapper.application; includeInIndex = 0; path = WXMediaPlayer.app; sourceTree = BUILT_PRODUCTS_DIR; };
		2516C65F20623B65006EFD72 /* AppDelegate.h */ = {isa = PBXFileReference; lastKnownFileType = sourcecode.c.h; path = AppDelegate.h; sourceTree = "<group>"; };
		2516C66020623B65006EFD72 /* AppDelegate.m */ = {isa = PBXFileReference; lastKnownFileType = sourcecode.c.objc; path = AppDelegate.m; sourceTree = "<group>"; };
		2516C66220623B65006EFD72 /* ViewController.h */ = {isa = PBXFileReference; lastKnownFileType = sourcecode.c.h; path = ViewController.h; sourceTree = "<group>"; };
		2516C66320623B65006EFD72 /* ViewController.m */ = {isa = PBXFileReference; lastKnownFileType = sourcecode.c.objc; path = ViewController.m; sourceTree = "<group>"; };
		2516C66620623B65006EFD72 /* Base */ = {isa = PBXFileReference; lastKnownFileType = file.storyboard; name = Base; path = Base.lproj/Main.storyboard; sourceTree = "<group>"; };
		2516C66820623B65006EFD72 /* Assets.xcassets */ = {isa = PBXFileReference; lastKnownFileType = folder.assetcatalog; path = Assets.xcassets; sourceTree = "<group>"; };
		2516C66B20623B65006EFD72 /* Base */ = {isa = PBXFileReference; lastKnownFileType = file.storyboard; name = Base; path = Base.lproj/LaunchScreen.storyboard; sourceTree = "<group>"; };
		2516C66D20623B65006EFD72 /* Info.plist */ = {isa = PBXFileReference; lastKnownFileType = text.plist.xml; path = Info.plist; sourceTree = "<group>"; };
		2516C66E20623B65006EFD72 /* main.m */ = {isa = PBXFileReference; lastKnownFileType = sourcecode.c.objc; path = main.m; sourceTree = "<group>"; };
		2516C67620623CE7006EFD72 /* WXMediaPlayer.m */ = {isa = PBXFileReference; fileEncoding = 4; lastKnownFileType = sourcecode.c.objc; path = WXMediaPlayer.m; sourceTree = "<group>"; };
		2516C67720623CE7006EFD72 /* WXMediaPlayer.h */ = {isa = PBXFileReference; fileEncoding = 4; lastKnownFileType = sourcecode.c.h; path = WXMediaPlayer.h; sourceTree = "<group>"; };
		2516C67920623D36006EFD72 /* WXMediaItem.m */ = {isa = PBXFileReference; fileEncoding = 4; lastKnownFileType = sourcecode.c.objc; path = WXMediaItem.m; sourceTree = "<group>"; };
		2516C67A20623D36006EFD72 /* WXMediaItem.h */ = {isa = PBXFileReference; fileEncoding = 4; lastKnownFileType = sourcecode.c.h; path = WXMediaItem.h; sourceTree = "<group>"; };
		2516C67E206242A0006EFD72 /* MCAVPlayerItemCacheLoader.h */ = {isa = PBXFileReference; fileEncoding = 4; lastKnownFileType = sourcecode.c.h; path = MCAVPlayerItemCacheLoader.h; sourceTree = "<group>"; };
		2516C67F206242A0006EFD72 /* MCAVPlayerItemCacheTask.h */ = {isa = PBXFileReference; fileEncoding = 4; lastKnownFileType = sourcecode.c.h; path = MCAVPlayerItemCacheTask.h; sourceTree = "<group>"; };
		2516C680206242A0006EFD72 /* MCAVPlayerItemRemoteCacheTask.m */ = {isa = PBXFileReference; fileEncoding = 4; lastKnownFileType = sourcecode.c.objc; path = MCAVPlayerItemRemoteCacheTask.m; sourceTree = "<group>"; };
		2516C681206242A0006EFD72 /* MCCacheSupportUtils.m */ = {isa = PBXFileReference; fileEncoding = 4; lastKnownFileType = sourcecode.c.objc; path = MCCacheSupportUtils.m; sourceTree = "<group>"; };
		2516C682206242A0006EFD72 /* MCAVPlayerItemLocalCacheTask.h */ = {isa = PBXFileReference; fileEncoding = 4; lastKnownFileType = sourcecode.c.h; path = MCAVPlayerItemLocalCacheTask.h; sourceTree = "<group>"; };
		2516C683206242A0006EFD72 /* MCAVPlayerItemCacheFile.h */ = {isa = PBXFileReference; fileEncoding = 4; lastKnownFileType = sourcecode.c.h; path = MCAVPlayerItemCacheFile.h; sourceTree = "<group>"; };
		2516C684206242A0006EFD72 /* MCAVPlayerItemCacheTask.m */ = {isa = PBXFileReference; fileEncoding = 4; lastKnownFileType = sourcecode.c.objc; path = MCAVPlayerItemCacheTask.m; sourceTree = "<group>"; };
		2516C685206242A0006EFD72 /* MCAVPlayerItemCacheLoader.m */ = {isa = PBXFileReference; fileEncoding = 4; lastKnownFileType = sourcecode.c.objc; path = MCAVPlayerItemCacheLoader.m; sourceTree = "<group>"; };
		2516C686206242A0006EFD72 /* MCAVPlayerItemCacheFile.m */ = {isa = PBXFileReference; fileEncoding = 4; lastKnownFileType = sourcecode.c.objc; path = MCAVPlayerItemCacheFile.m; sourceTree = "<group>"; };
		2516C687206242A0006EFD72 /* MCAVPlayerItemLocalCacheTask.m */ = {isa = PBXFileReference; fileEncoding = 4; lastKnownFileType = sourcecode.c.objc; path = MCAVPlayerItemLocalCacheTask.m; sourceTree = "<group>"; };
		2516C688206242A0006EFD72 /* MCCacheSupportUtils.h */ = {isa = PBXFileReference; fileEncoding = 4; lastKnownFileType = sourcecode.c.h; path = MCCacheSupportUtils.h; sourceTree = "<group>"; };
		2516C689206242A0006EFD72 /* MCAVPlayerItemRemoteCacheTask.h */ = {isa = PBXFileReference; fileEncoding = 4; lastKnownFileType = sourcecode.c.h; path = MCAVPlayerItemRemoteCacheTask.h; sourceTree = "<group>"; };
		2516C68A206242A0006EFD72 /* AVPlayerItem+MCCacheSupport.m */ = {isa = PBXFileReference; fileEncoding = 4; lastKnownFileType = sourcecode.c.objc; path = "AVPlayerItem+MCCacheSupport.m"; sourceTree = "<group>"; };
		2516C68B206242A0006EFD72 /* AVPlayerItem+MCCacheSupport.h */ = {isa = PBXFileReference; fileEncoding = 4; lastKnownFileType = sourcecode.c.h; path = "AVPlayerItem+MCCacheSupport.h"; sourceTree = "<group>"; };
		2516C69420624317006EFD72 /* KVOController.h */ = {isa = PBXFileReference; fileEncoding = 4; lastKnownFileType = sourcecode.c.h; path = KVOController.h; sourceTree = "<group>"; };
		2516C69520624317006EFD72 /* FBKVOController.h */ = {isa = PBXFileReference; fileEncoding = 4; lastKnownFileType = sourcecode.c.h; path = FBKVOController.h; sourceTree = "<group>"; };
		2516C69620624317006EFD72 /* NSObject+FBKVOController.m */ = {isa = PBXFileReference; fileEncoding = 4; lastKnownFileType = sourcecode.c.objc; path = "NSObject+FBKVOController.m"; sourceTree = "<group>"; };
		2516C69720624317006EFD72 /* FBKVOController.m */ = {isa = PBXFileReference; fileEncoding = 4; lastKnownFileType = sourcecode.c.objc; path = FBKVOController.m; sourceTree = "<group>"; };
		2516C69820624317006EFD72 /* NSObject+FBKVOController.h */ = {isa = PBXFileReference; fileEncoding = 4; lastKnownFileType = sourcecode.c.h; path = "NSObject+FBKVOController.h"; sourceTree = "<group>"; };
/* End PBXFileReference section */

/* Begin PBXFrameworksBuildPhase section */
		2516C65920623B65006EFD72 /* Frameworks */ = {
			isa = PBXFrameworksBuildPhase;
			buildActionMask = 2147483647;
			files = (
			);
			runOnlyForDeploymentPostprocessing = 0;
		};
/* End PBXFrameworksBuildPhase section */

/* Begin PBXGroup section */
		2516C65320623B65006EFD72 = {
			isa = PBXGroup;
			children = (
				2516C65E20623B65006EFD72 /* WXMediaPlayer */,
				2516C65D20623B65006EFD72 /* Products */,
			);
			sourceTree = "<group>";
		};
		2516C65D20623B65006EFD72 /* Products */ = {
			isa = PBXGroup;
			children = (
				2516C65C20623B65006EFD72 /* WXMediaPlayer.app */,
			);
			name = Products;
			sourceTree = "<group>";
		};
		2516C65E20623B65006EFD72 /* WXMediaPlayer */ = {
			isa = PBXGroup;
			children = (
				2516C67520623CE7006EFD72 /* WXMediaPlayer */,
				2516C65F20623B65006EFD72 /* AppDelegate.h */,
				2516C66020623B65006EFD72 /* AppDelegate.m */,
				2516C66220623B65006EFD72 /* ViewController.h */,
				2516C66320623B65006EFD72 /* ViewController.m */,
				2516C66520623B65006EFD72 /* Main.storyboard */,
				2516C66820623B65006EFD72 /* Assets.xcassets */,
				2516C66A20623B65006EFD72 /* LaunchScreen.storyboard */,
				2516C66D20623B65006EFD72 /* Info.plist */,
				2516C66E20623B65006EFD72 /* main.m */,
			);
			path = WXMediaPlayer;
			sourceTree = "<group>";
		};
		2516C67520623CE7006EFD72 /* WXMediaPlayer */ = {
			isa = PBXGroup;
			children = (
				2516C69320624317006EFD72 /* FBKVOController */,
				2516C67C206242A0006EFD72 /* AVPlayerCacheSupport */,
				2516C67A20623D36006EFD72 /* WXMediaItem.h */,
				2516C67920623D36006EFD72 /* WXMediaItem.m */,
				2516C67620623CE7006EFD72 /* WXMediaPlayer.m */,
				2516C67720623CE7006EFD72 /* WXMediaPlayer.h */,
			);
			path = WXMediaPlayer;
			sourceTree = "<group>";
		};
		2516C67C206242A0006EFD72 /* AVPlayerCacheSupport */ = {
			isa = PBXGroup;
			children = (
				2516C67D206242A0006EFD72 /* Classes */,
				2516C68A206242A0006EFD72 /* AVPlayerItem+MCCacheSupport.m */,
				2516C68B206242A0006EFD72 /* AVPlayerItem+MCCacheSupport.h */,
			);
			path = AVPlayerCacheSupport;
			sourceTree = "<group>";
		};
		2516C67D206242A0006EFD72 /* Classes */ = {
			isa = PBXGroup;
			children = (
				2516C67E206242A0006EFD72 /* MCAVPlayerItemCacheLoader.h */,
				2516C67F206242A0006EFD72 /* MCAVPlayerItemCacheTask.h */,
				2516C680206242A0006EFD72 /* MCAVPlayerItemRemoteCacheTask.m */,
				2516C681206242A0006EFD72 /* MCCacheSupportUtils.m */,
				2516C682206242A0006EFD72 /* MCAVPlayerItemLocalCacheTask.h */,
				2516C683206242A0006EFD72 /* MCAVPlayerItemCacheFile.h */,
				2516C684206242A0006EFD72 /* MCAVPlayerItemCacheTask.m */,
				2516C685206242A0006EFD72 /* MCAVPlayerItemCacheLoader.m */,
				2516C686206242A0006EFD72 /* MCAVPlayerItemCacheFile.m */,
				2516C687206242A0006EFD72 /* MCAVPlayerItemLocalCacheTask.m */,
				2516C688206242A0006EFD72 /* MCCacheSupportUtils.h */,
				2516C689206242A0006EFD72 /* MCAVPlayerItemRemoteCacheTask.h */,
			);
			path = Classes;
			sourceTree = "<group>";
		};
		2516C69320624317006EFD72 /* FBKVOController */ = {
			isa = PBXGroup;
			children = (
				2516C69420624317006EFD72 /* KVOController.h */,
				2516C69520624317006EFD72 /* FBKVOController.h */,
				2516C69620624317006EFD72 /* NSObject+FBKVOController.m */,
				2516C69720624317006EFD72 /* FBKVOController.m */,
				2516C69820624317006EFD72 /* NSObject+FBKVOController.h */,
			);
			path = FBKVOController;
			sourceTree = "<group>";
		};
/* End PBXGroup section */

/* Begin PBXNativeTarget section */
		2516C65B20623B65006EFD72 /* WXMediaPlayer */ = {
			isa = PBXNativeTarget;
			buildConfigurationList = 2516C67220623B65006EFD72 /* Build configuration list for PBXNativeTarget "WXMediaPlayer" */;
			buildPhases = (
				2516C65820623B65006EFD72 /* Sources */,
				2516C65920623B65006EFD72 /* Frameworks */,
				2516C65A20623B65006EFD72 /* Resources */,
			);
			buildRules = (
			);
			dependencies = (
			);
			name = WXMediaPlayer;
			productName = WXMediaPlayer;
			productReference = 2516C65C20623B65006EFD72 /* WXMediaPlayer.app */;
			productType = "com.apple.product-type.application";
		};
/* End PBXNativeTarget section */

/* Begin PBXProject section */
		2516C65420623B65006EFD72 /* Project object */ = {
			isa = PBXProject;
			attributes = {
				LastUpgradeCheck = 0920;
				ORGANIZATIONNAME = will.xu;
				TargetAttributes = {
					2516C65B20623B65006EFD72 = {
						CreatedOnToolsVersion = 9.2;
						ProvisioningStyle = Automatic;
					};
				};
			};
			buildConfigurationList = 2516C65720623B65006EFD72 /* Build configuration list for PBXProject "WXMediaPlayer" */;
			compatibilityVersion = "Xcode 8.0";
			developmentRegion = en;
			hasScannedForEncodings = 0;
			knownRegions = (
				en,
				Base,
			);
			mainGroup = 2516C65320623B65006EFD72;
			productRefGroup = 2516C65D20623B65006EFD72 /* Products */;
			projectDirPath = "";
			projectRoot = "";
			targets = (
				2516C65B20623B65006EFD72 /* WXMediaPlayer */,
			);
		};
/* End PBXProject section */

/* Begin PBXResourcesBuildPhase section */
		2516C65A20623B65006EFD72 /* Resources */ = {
			isa = PBXResourcesBuildPhase;
			buildActionMask = 2147483647;
			files = (
				2516C66C20623B65006EFD72 /* LaunchScreen.storyboard in Resources */,
				2516C66920623B65006EFD72 /* Assets.xcassets in Resources */,
				2516C66720623B65006EFD72 /* Main.storyboard in Resources */,
			);
			runOnlyForDeploymentPostprocessing = 0;
		};
/* End PBXResourcesBuildPhase section */

/* Begin PBXSourcesBuildPhase section */
		2516C65820623B65006EFD72 /* Sources */ = {
			isa = PBXSourcesBuildPhase;
			buildActionMask = 2147483647;
			files = (
				2516C67B20623D36006EFD72 /* WXMediaItem.m in Sources */,
				2516C690206242A0006EFD72 /* MCAVPlayerItemCacheFile.m in Sources */,
				2516C69A20624317006EFD72 /* FBKVOController.m in Sources */,
				2516C67820623CE8006EFD72 /* WXMediaPlayer.m in Sources */,
				2516C68C206242A0006EFD72 /* MCAVPlayerItemRemoteCacheTask.m in Sources */,
				2516C66420623B65006EFD72 /* ViewController.m in Sources */,
				2516C66F20623B65006EFD72 /* main.m in Sources */,
				2516C691206242A0006EFD72 /* MCAVPlayerItemLocalCacheTask.m in Sources */,
				2516C69920624317006EFD72 /* NSObject+FBKVOController.m in Sources */,
				2516C692206242A0006EFD72 /* AVPlayerItem+MCCacheSupport.m in Sources */,
				2516C66120623B65006EFD72 /* AppDelegate.m in Sources */,
				2516C68F206242A0006EFD72 /* MCAVPlayerItemCacheLoader.m in Sources */,
				2516C68E206242A0006EFD72 /* MCAVPlayerItemCacheTask.m in Sources */,
				2516C68D206242A0006EFD72 /* MCCacheSupportUtils.m in Sources */,
			);
			runOnlyForDeploymentPostprocessing = 0;
		};
/* End PBXSourcesBuildPhase section */

/* Begin PBXVariantGroup section */
		2516C66520623B65006EFD72 /* Main.storyboard */ = {
			isa = PBXVariantGroup;
			children = (
				2516C66620623B65006EFD72 /* Base */,
			);
			name = Main.storyboard;
			sourceTree = "<group>";
		};
		2516C66A20623B65006EFD72 /* LaunchScreen.storyboard */ = {
			isa = PBXVariantGroup;
			children = (
				2516C66B20623B65006EFD72 /* Base */,
			);
			name = LaunchScreen.storyboard;
			sourceTree = "<group>";
		};
/* End PBXVariantGroup section */

/* Begin XCBuildConfiguration section */
		2516C67020623B65006EFD72 /* Debug */ = {
			isa = XCBuildConfiguration;
			buildSettings = {
				ALWAYS_SEARCH_USER_PATHS = NO;
				CLANG_ANALYZER_NONNULL = YES;
				CLANG_ANALYZER_NUMBER_OBJECT_CONVERSION = YES_AGGRESSIVE;
				CLANG_CXX_LANGUAGE_STANDARD = "gnu++14";
				CLANG_CXX_LIBRARY = "libc++";
				CLANG_ENABLE_MODULES = YES;
				CLANG_ENABLE_OBJC_ARC = YES;
				CLANG_WARN_BLOCK_CAPTURE_AUTORELEASING = YES;
				CLANG_WARN_BOOL_CONVERSION = YES;
				CLANG_WARN_COMMA = YES;
				CLANG_WARN_CONSTANT_CONVERSION = YES;
				CLANG_WARN_DIRECT_OBJC_ISA_USAGE = YES_ERROR;
				CLANG_WARN_DOCUMENTATION_COMMENTS = YES;
				CLANG_WARN_EMPTY_BODY = YES;
				CLANG_WARN_ENUM_CONVERSION = YES;
				CLANG_WARN_INFINITE_RECURSION = YES;
				CLANG_WARN_INT_CONVERSION = YES;
				CLANG_WARN_NON_LITERAL_NULL_CONVERSION = YES;
				CLANG_WARN_OBJC_LITERAL_CONVERSION = YES;
				CLANG_WARN_OBJC_ROOT_CLASS = YES_ERROR;
				CLANG_WARN_RANGE_LOOP_ANALYSIS = YES;
				CLANG_WARN_STRICT_PROTOTYPES = YES;
				CLANG_WARN_SUSPICIOUS_MOVE = YES;
				CLANG_WARN_UNGUARDED_AVAILABILITY = YES_AGGRESSIVE;
				CLANG_WARN_UNREACHABLE_CODE = YES;
				CLANG_WARN__DUPLICATE_METHOD_MATCH = YES;
				CODE_SIGN_IDENTITY = "iPhone Developer";
				COPY_PHASE_STRIP = NO;
				DEBUG_INFORMATION_FORMAT = dwarf;
				ENABLE_STRICT_OBJC_MSGSEND = YES;
				ENABLE_TESTABILITY = YES;
				GCC_C_LANGUAGE_STANDARD = gnu11;
				GCC_DYNAMIC_NO_PIC = NO;
				GCC_NO_COMMON_BLOCKS = YES;
				GCC_OPTIMIZATION_LEVEL = 0;
				GCC_PREPROCESSOR_DEFINITIONS = (
					"DEBUG=1",
					"$(inherited)",
				);
				GCC_WARN_64_TO_32_BIT_CONVERSION = YES;
				GCC_WARN_ABOUT_RETURN_TYPE = YES_ERROR;
				GCC_WARN_UNDECLARED_SELECTOR = YES;
				GCC_WARN_UNINITIALIZED_AUTOS = YES_AGGRESSIVE;
				GCC_WARN_UNUSED_FUNCTION = YES;
				GCC_WARN_UNUSED_VARIABLE = YES;
				IPHONEOS_DEPLOYMENT_TARGET = 11.2;
				MTL_ENABLE_DEBUG_INFO = YES;
				ONLY_ACTIVE_ARCH = YES;
				SDKROOT = iphoneos;
			};
			name = Debug;
		};
		2516C67120623B65006EFD72 /* Release */ = {
			isa = XCBuildConfiguration;
			buildSettings = {
				ALWAYS_SEARCH_USER_PATHS = NO;
				CLANG_ANALYZER_NONNULL = YES;
				CLANG_ANALYZER_NUMBER_OBJECT_CONVERSION = YES_AGGRESSIVE;
				CLANG_CXX_LANGUAGE_STANDARD = "gnu++14";
				CLANG_CXX_LIBRARY = "libc++";
				CLANG_ENABLE_MODULES = YES;
				CLANG_ENABLE_OBJC_ARC = YES;
				CLANG_WARN_BLOCK_CAPTURE_AUTORELEASING = YES;
				CLANG_WARN_BOOL_CONVERSION = YES;
				CLANG_WARN_COMMA = YES;
				CLANG_WARN_CONSTANT_CONVERSION = YES;
				CLANG_WARN_DIRECT_OBJC_ISA_USAGE = YES_ERROR;
				CLANG_WARN_DOCUMENTATION_COMMENTS = YES;
				CLANG_WARN_EMPTY_BODY = YES;
				CLANG_WARN_ENUM_CONVERSION = YES;
				CLANG_WARN_INFINITE_RECURSION = YES;
				CLANG_WARN_INT_CONVERSION = YES;
				CLANG_WARN_NON_LITERAL_NULL_CONVERSION = YES;
				CLANG_WARN_OBJC_LITERAL_CONVERSION = YES;
				CLANG_WARN_OBJC_ROOT_CLASS = YES_ERROR;
				CLANG_WARN_RANGE_LOOP_ANALYSIS = YES;
				CLANG_WARN_STRICT_PROTOTYPES = YES;
				CLANG_WARN_SUSPICIOUS_MOVE = YES;
				CLANG_WARN_UNGUARDED_AVAILABILITY = YES_AGGRESSIVE;
				CLANG_WARN_UNREACHABLE_CODE = YES;
				CLANG_WARN__DUPLICATE_METHOD_MATCH = YES;
				CODE_SIGN_IDENTITY = "iPhone Developer";
				COPY_PHASE_STRIP = NO;
				DEBUG_INFORMATION_FORMAT = "dwarf-with-dsym";
				ENABLE_NS_ASSERTIONS = NO;
				ENABLE_STRICT_OBJC_MSGSEND = YES;
				GCC_C_LANGUAGE_STANDARD = gnu11;
				GCC_NO_COMMON_BLOCKS = YES;
				GCC_WARN_64_TO_32_BIT_CONVERSION = YES;
				GCC_WARN_ABOUT_RETURN_TYPE = YES_ERROR;
				GCC_WARN_UNDECLARED_SELECTOR = YES;
				GCC_WARN_UNINITIALIZED_AUTOS = YES_AGGRESSIVE;
				GCC_WARN_UNUSED_FUNCTION = YES;
				GCC_WARN_UNUSED_VARIABLE = YES;
				IPHONEOS_DEPLOYMENT_TARGET = 11.2;
				MTL_ENABLE_DEBUG_INFO = NO;
				SDKROOT = iphoneos;
				VALIDATE_PRODUCT = YES;
			};
			name = Release;
		};
		2516C67320623B65006EFD72 /* Debug */ = {
			isa = XCBuildConfiguration;
			buildSettings = {
				ASSETCATALOG_COMPILER_APPICON_NAME = AppIcon;
				CODE_SIGN_STYLE = Automatic;
				DEVELOPMENT_TEAM = 394X7Y9SS6;
				INFOPLIST_FILE = WXMediaPlayer/Info.plist;
				IPHONEOS_DEPLOYMENT_TARGET = 8.0;
				LD_RUNPATH_SEARCH_PATHS = "$(inherited) @executable_path/Frameworks";
				PRODUCT_BUNDLE_IDENTIFIER = com.wx.WXMediaPlayer;
				PRODUCT_NAME = "$(TARGET_NAME)";
				TARGETED_DEVICE_FAMILY = "1,2";
			};
			name = Debug;
		};
		2516C67420623B65006EFD72 /* Release */ = {
			isa = XCBuildConfiguration;
			buildSettings = {
				ASSETCATALOG_COMPILER_APPICON_NAME = AppIcon;
				CODE_SIGN_STYLE = Automatic;
				DEVELOPMENT_TEAM = 394X7Y9SS6;
				INFOPLIST_FILE = WXMediaPlayer/Info.plist;
				IPHONEOS_DEPLOYMENT_TARGET = 8.0;
				LD_RUNPATH_SEARCH_PATHS = "$(inherited) @executable_path/Frameworks";
				PRODUCT_BUNDLE_IDENTIFIER = com.wx.WXMediaPlayer;
				PRODUCT_NAME = "$(TARGET_NAME)";
				TARGETED_DEVICE_FAMILY = "1,2";
			};
			name = Release;
		};
/* End XCBuildConfiguration section */

/* Begin XCConfigurationList section */
		2516C65720623B65006EFD72 /* Build configuration list for PBXProject "WXMediaPlayer" */ = {
			isa = XCConfigurationList;
			buildConfigurations = (
				2516C67020623B65006EFD72 /* Debug */,
				2516C67120623B65006EFD72 /* Release */,
			);
			defaultConfigurationIsVisible = 0;
			defaultConfigurationName = Release;
		};
		2516C67220623B65006EFD72 /* Build configuration list for PBXNativeTarget "WXMediaPlayer" */ = {
			isa = XCConfigurationList;
			buildConfigurations = (
				2516C67320623B65006EFD72 /* Debug */,
				2516C67420623B65006EFD72 /* Release */,
			);
			defaultConfigurationIsVisible = 0;
			defaultConfigurationName = Release;
		};
/* End XCConfigurationList section */
	};
	rootObject = 2516C65420623B65006EFD72 /* Project object */;
}
